{
  "name": "forth-conference",
  "version": "0.3.0",
  "lockfileVersion": 2,
  "requires": true,
  "packages": {
    "": {
      "name": "forth-conference",
      "version": "0.3.0",
      "dependencies": {
        "bbb-rooms": "^0.1.0"
      }
    },
    "node_modules/bbb-rooms": {
      "version": "0.1.0",
      "resolved": "https://registry.npmjs.org/bbb-rooms/-/bbb-rooms-0.1.0.tgz",
      "integrity": "sha512-yqX2Ou1y2ZmK8s51NlFvYfexRtLVLmGIiwzi4AC8DRbkAzak+b2shi/AMEeXf4+i4VT9IPX2LXqpJmRmcBV+ow==",
      "dependencies": {
        "fast-xml-parser": "^3.19.0"
      }
    },
    "node_modules/fast-xml-parser": {
      "version": "3.20.3",
      "resolved": "https://registry.npmjs.org/fast-xml-parser/-/fast-xml-parser-3.20.3.tgz",
      "integrity": "sha512-FfHJ/QCpo4K2gquBX7dIAcmShSBG4dMtYJ3ghSiR4w7YqlUujuamrM57C+mKLNWS3mvZzmm2B2Qx8Q6Gfw+lDQ==",
      "dependencies": {
        "strnum": "^1.0.4"
      },
      "bin": {
        "xml2js": "cli.js"
      },
      "funding": {
        "type": "paypal",
        "url": "https://paypal.me/naturalintelligence"
      }
    },
    "node_modules/strnum": {
      "version": "1.0.4",
      "resolved": "https://registry.npmjs.org/strnum/-/strnum-1.0.4.tgz",
      "integrity": "sha512-lMzNMfDpaQOLt4B2mEbfzYS0+T7dvCXeojnlGf6f1AygvWDMcWyXYaLbyICfjVu29sErR8fnRagQfBW/N/hGgw=="
    }
  },
  "dependencies": {
    "bbb-rooms": {
      "version": "0.1.0",
      "resolved": "https://registry.npmjs.org/bbb-rooms/-/bbb-rooms-0.1.0.tgz",
      "integrity": "sha512-yqX2Ou1y2ZmK8s51NlFvYfexRtLVLmGIiwzi4AC8DRbkAzak+b2shi/AMEeXf4+i4VT9IPX2LXqpJmRmcBV+ow==",
      "requires": {
        "fast-xml-parser": "^3.19.0"
      }
    },
    "fast-xml-parser": {
      "version": "3.20.3",
      "resolved": "https://registry.npmjs.org/fast-xml-parser/-/fast-xml-parser-3.20.3.tgz",
      "integrity": "sha512-FfHJ/QCpo4K2gquBX7dIAcmShSBG4dMtYJ3ghSiR4w7YqlUujuamrM57C+mKLNWS3mvZzmm2B2Qx8Q6Gfw+lDQ==",
      "requires": {
        "strnum": "^1.0.4"
      }
    },
    "strnum": {
      "version": "1.0.4",
      "resolved": "https://registry.npmjs.org/strnum/-/strnum-1.0.4.tgz",
      "integrity": "sha512-lMzNMfDpaQOLt4B2mEbfzYS0+T7dvCXeojnlGf6f1AygvWDMcWyXYaLbyICfjVu29sErR8fnRagQfBW/N/hGgw=="
    }
  }
}
